
Microsoft Visual Studio Solution File, Format Version 12.00
# Visual Studio Version 17
VisualStudioVersion = 17.7.34018.315
MinimumVisualStudioVersion = 10.0.40219.1
Project("{9A19103F-16F7-4668-BE54-9A1E7A4F7556}") = "Example01", "Example01\Example01.csproj", "{A013A60F-D8CA-4A3B-BA2D-AD274678ED0B}"
EndProject
Project("{9A19103F-16F7-4668-BE54-9A1E7A4F7556}") = "Example02", "Example02\Example02.csproj", "{0E770923-1B27-4555-9D3A-DD541894142A}"
EndProject
Project("{9A19103F-16F7-4668-BE54-9A1E7A4F7556}") = "Example03", "Example03\Example03.csproj", "{B7CD3B39-1A25-4145-BDFD-FDF35CDED976}"
EndProject
Project("{9A19103F-16F7-4668-BE54-9A1E7A4F7556}") = "Example04", "Example04\Example04.csproj", "{3E0ED4D1-4634-478F-9999-4A7DE72C2CE4}"
EndProject
Project("{9A19103F-16F7-4668-BE54-9A1E7A4F7556}") = "Example05", "Example05\Example05.csproj", "{83B81F44-4438-416A-88DB-065D7A9DB7BE}"
EndProject
Project("{9A19103F-16F7-4668-BE54-9A1E7A4F7556}") = "Example06", "Example06\Example06.csproj", "{E27D1198-FBBC-43A7-A429-12BF89AAD3A4}"
EndProject
Project("{9A19103F-16F7-4668-BE54-9A1E7A4F7556}") = "Example07", "Example07\Example07.csproj", "{8BAE439B-699B-47A8-B9A3-9A6AF72C1E4D}"
EndProject
Project("{9A19103F-16F7-4668-BE54-9A1E7A4F7556}") = "Example08", "Example08\Example08.csproj", "{AC9A1DED-FF23-4433-8D4D-596DC702EFF2}"
EndProject
Project("{9A19103F-16F7-4668-BE54-9A1E7A4F7556}") = "Example09", "Example09\Example09.csproj", "{2AF5B56E-E056-490F-B2A9-B03EDAD860DE}"
EndProject
Project("{9A19103F-16F7-4668-BE54-9A1E7A4F7556}") = "Example10", "Example10\Example10.csproj", "{8B27FA4E-C53E-4C1C-BD78-FD3D423BF966}"
EndProject
Project("{9A19103F-16F7-4668-BE54-9A1E7A4F7556}") = "Example11", "Example11\Example11.csproj", "{BD84E068-4E53-41AC-B7E9-3AE2E9FA5F31}"
EndProject
Project("{9A19103F-16F7-4668-BE54-9A1E7A4F7556}") = "Example12", "Example12\Example12.csproj", "{C2BD579C-1395-4C36-8443-4BD02C4D4B12}"
EndProject
Project("{9A19103F-16F7-4668-BE54-9A1E7A4F7556}") = "Example13", "Example13\Example13.csproj", "{1C36313F-79C8-4F4A-A2E4-6BFE9247F7A9}"
EndProject
Project("{9A19103F-16F7-4668-BE54-9A1E7A4F7556}") = "Example14", "Example14\Example14.csproj", "{C88E1515-8606-421D-A884-EEDA15698D76}"
EndProject
Project("{9A19103F-16F7-4668-BE54-9A1E7A4F7556}") = "Example15", "Example15\Example15.csproj", "{D579A8E6-9CB8-41CB-8B5B-6FF6F7E323C2}"
EndProject
Project("{9A19103F-16F7-4668-BE54-9A1E7A4F7556}") = "Example16", "Example16\Example16.csproj", "{F4D63BDF-9828-477A-974B-2B3C3EF2B18D}"
EndProject
Project("{9A19103F-16F7-4668-BE54-9A1E7A4F7556}") = "Example17", "Example17\Example17.csproj", "{A308D450-9F25-43D6-8626-E399E9A68B89}"
EndProject
Project("{9A19103F-16F7-4668-BE54-9A1E7A4F7556}") = "Example18", "Example18\Example18.csproj", "{DC3259A1-FB2A-4970-97DA-05DFDCF17913}"
EndProject
Project("{9A19103F-16F7-4668-BE54-9A1E7A4F7556}") = "Example19", "Example19\Example19.csproj", "{03009932-3F35-4490-A6FA-E0F955902763}"
EndProject
Project("{9A19103F-16F7-4668-BE54-9A1E7A4F7556}") = "Example20", "Example20\Example20.csproj", "{C09A3014-BC72-46D3-8780-28F51BEE4DAA}"
EndProject
Project("{9A19103F-16F7-4668-BE54-9A1E7A4F7556}") = "Example21", "Example21\Example21.csproj", "{495273E1-12F4-4DCB-8032-6D436FCC7EA2}"
EndProject
Project("{FAE04EC0-301F-11D3-BF4B-00C04F79EFBC}") = "Example22.Domain", "Example22.Domain\Example22.Domain.csproj", "{D4A8D2DE-04EA-4B34-82EE-1CC7A4357427}"
EndProject
Project("{FAE04EC0-301F-11D3-BF4B-00C04F79EFBC}") = "Example22.App", "Example22.App\Example22.App.csproj", "{87812613-8772-4753-9E0B-1E312BD2D23B}"
EndProject
Global
	GlobalSection(SolutionConfigurationPlatforms) = preSolution
		Debug|Any CPU = Debug|Any CPU
		Release|Any CPU = Release|Any CPU
	EndGlobalSection
	GlobalSection(ProjectConfigurationPlatforms) = postSolution
		{A013A60F-D8CA-4A3B-BA2D-AD274678ED0B}.Debug|Any CPU.ActiveCfg = Debug|Any CPU
		{A013A60F-D8CA-4A3B-BA2D-AD274678ED0B}.Debug|Any CPU.Build.0 = Debug|Any CPU
		{A013A60F-D8CA-4A3B-BA2D-AD274678ED0B}.Release|Any CPU.ActiveCfg = Release|Any CPU
		{A013A60F-D8CA-4A3B-BA2D-AD274678ED0B}.Release|Any CPU.Build.0 = Release|Any CPU
		{0E770923-1B27-4555-9D3A-DD541894142A}.Debug|Any CPU.ActiveCfg = Debug|Any CPU
		{0E770923-1B27-4555-9D3A-DD541894142A}.Debug|Any CPU.Build.0 = Debug|Any CPU
		{0E770923-1B27-4555-9D3A-DD541894142A}.Release|Any CPU.ActiveCfg = Release|Any CPU
		{0E770923-1B27-4555-9D3A-DD541894142A}.Release|Any CPU.Build.0 = Release|Any CPU
		{B7CD3B39-1A25-4145-BDFD-FDF35CDED976}.Debug|Any CPU.ActiveCfg = Debug|Any CPU
		{B7CD3B39-1A25-4145-BDFD-FDF35CDED976}.Debug|Any CPU.Build.0 = Debug|Any CPU
		{B7CD3B39-1A25-4145-BDFD-FDF35CDED976}.Release|Any CPU.ActiveCfg = Release|Any CPU
		{B7CD3B39-1A25-4145-BDFD-FDF35CDED976}.Release|Any CPU.Build.0 = Release|Any CPU
		{3E0ED4D1-4634-478F-9999-4A7DE72C2CE4}.Debug|Any CPU.ActiveCfg = Debug|Any CPU
		{3E0ED4D1-4634-478F-9999-4A7DE72C2CE4}.Debug|Any CPU.Build.0 = Debug|Any CPU
		{3E0ED4D1-4634-478F-9999-4A7DE72C2CE4}.Release|Any CPU.ActiveCfg = Release|Any CPU
		{3E0ED4D1-4634-478F-9999-4A7DE72C2CE4}.Release|Any CPU.Build.0 = Release|Any CPU
		{83B81F44-4438-416A-88DB-065D7A9DB7BE}.Debug|Any CPU.ActiveCfg = Debug|Any CPU
		{83B81F44-4438-416A-88DB-065D7A9DB7BE}.Debug|Any CPU.Build.0 = Debug|Any CPU
		{83B81F44-4438-416A-88DB-065D7A9DB7BE}.Release|Any CPU.ActiveCfg = Release|Any CPU
		{83B81F44-4438-416A-88DB-065D7A9DB7BE}.Release|Any CPU.Build.0 = Release|Any CPU
		{E27D1198-FBBC-43A7-A429-12BF89AAD3A4}.Debug|Any CPU.ActiveCfg = Debug|Any CPU
		{E27D1198-FBBC-43A7-A429-12BF89AAD3A4}.Debug|Any CPU.Build.0 = Debug|Any CPU
		{E27D1198-FBBC-43A7-A429-12BF89AAD3A4}.Release|Any CPU.ActiveCfg = Release|Any CPU
		{E27D1198-FBBC-43A7-A429-12BF89AAD3A4}.Release|Any CPU.Build.0 = Release|Any CPU
		{8BAE439B-699B-47A8-B9A3-9A6AF72C1E4D}.Debug|Any CPU.ActiveCfg = Debug|Any CPU
		{8BAE439B-699B-47A8-B9A3-9A6AF72C1E4D}.Debug|Any CPU.Build.0 = Debug|Any CPU
		{8BAE439B-699B-47A8-B9A3-9A6AF72C1E4D}.Release|Any CPU.ActiveCfg = Release|Any CPU
		{8BAE439B-699B-47A8-B9A3-9A6AF72C1E4D}.Release|Any CPU.Build.0 = Release|Any CPU
		{AC9A1DED-FF23-4433-8D4D-596DC702EFF2}.Debug|Any CPU.ActiveCfg = Debug|Any CPU
		{AC9A1DED-FF23-4433-8D4D-596DC702EFF2}.Debug|Any CPU.Build.0 = Debug|Any CPU
		{AC9A1DED-FF23-4433-8D4D-596DC702EFF2}.Release|Any CPU.ActiveCfg = Release|Any CPU
		{AC9A1DED-FF23-4433-8D4D-596DC702EFF2}.Release|Any CPU.Build.0 = Release|Any CPU
		{2AF5B56E-E056-490F-B2A9-B03EDAD860DE}.Debug|Any CPU.ActiveCfg = Debug|Any CPU
		{2AF5B56E-E056-490F-B2A9-B03EDAD860DE}.Debug|Any CPU.Build.0 = Debug|Any CPU
		{2AF5B56E-E056-490F-B2A9-B03EDAD860DE}.Release|Any CPU.ActiveCfg = Release|Any CPU
		{2AF5B56E-E056-490F-B2A9-B03EDAD860DE}.Release|Any CPU.Build.0 = Release|Any CPU
		{8B27FA4E-C53E-4C1C-BD78-FD3D423BF966}.Debug|Any CPU.ActiveCfg = Debug|Any CPU
		{8B27FA4E-C53E-4C1C-BD78-FD3D423BF966}.Debug|Any CPU.Build.0 = Debug|Any CPU
		{8B27FA4E-C53E-4C1C-BD78-FD3D423BF966}.Release|Any CPU.ActiveCfg = Release|Any CPU
		{8B27FA4E-C53E-4C1C-BD78-FD3D423BF966}.Release|Any CPU.Build.0 = Release|Any CPU
		{BD84E068-4E53-41AC-B7E9-3AE2E9FA5F31}.Debug|Any CPU.ActiveCfg = Debug|Any CPU
		{BD84E068-4E53-41AC-B7E9-3AE2E9FA5F31}.Debug|Any CPU.Build.0 = Debug|Any CPU
		{BD84E068-4E53-41AC-B7E9-3AE2E9FA5F31}.Release|Any CPU.ActiveCfg = Release|Any CPU
		{BD84E068-4E53-41AC-B7E9-3AE2E9FA5F31}.Release|Any CPU.Build.0 = Release|Any CPU
		{C2BD579C-1395-4C36-8443-4BD02C4D4B12}.Debug|Any CPU.ActiveCfg = Debug|Any CPU
		{C2BD579C-1395-4C36-8443-4BD02C4D4B12}.Debug|Any CPU.Build.0 = Debug|Any CPU
		{C2BD579C-1395-4C36-8443-4BD02C4D4B12}.Release|Any CPU.ActiveCfg = Release|Any CPU
		{C2BD579C-1395-4C36-8443-4BD02C4D4B12}.Release|Any CPU.Build.0 = Release|Any CPU
		{1C36313F-79C8-4F4A-A2E4-6BFE9247F7A9}.Debug|Any CPU.ActiveCfg = Debug|Any CPU
		{1C36313F-79C8-4F4A-A2E4-6BFE9247F7A9}.Debug|Any CPU.Build.0 = Debug|Any CPU
		{1C36313F-79C8-4F4A-A2E4-6BFE9247F7A9}.Release|Any CPU.ActiveCfg = Release|Any CPU
		{1C36313F-79C8-4F4A-A2E4-6BFE9247F7A9}.Release|Any CPU.Build.0 = Release|Any CPU
		{C88E1515-8606-421D-A884-EEDA15698D76}.Debug|Any CPU.ActiveCfg = Debug|Any CPU
		{C88E1515-8606-421D-A884-EEDA15698D76}.Debug|Any CPU.Build.0 = Debug|Any CPU
		{C88E1515-8606-421D-A884-EEDA15698D76}.Release|Any CPU.ActiveCfg = Release|Any CPU
		{C88E1515-8606-421D-A884-EEDA15698D76}.Release|Any CPU.Build.0 = Release|Any CPU
		{D579A8E6-9CB8-41CB-8B5B-6FF6F7E323C2}.Debug|Any CPU.ActiveCfg = Debug|Any CPU
		{D579A8E6-9CB8-41CB-8B5B-6FF6F7E323C2}.Debug|Any CPU.Build.0 = Debug|Any CPU
		{D579A8E6-9CB8-41CB-8B5B-6FF6F7E323C2}.Release|Any CPU.ActiveCfg = Release|Any CPU
		{D579A8E6-9CB8-41CB-8B5B-6FF6F7E323C2}.Release|Any CPU.Build.0 = Release|Any CPU
		{F4D63BDF-9828-477A-974B-2B3C3EF2B18D}.Debug|Any CPU.ActiveCfg = Debug|Any CPU
		{F4D63BDF-9828-477A-974B-2B3C3EF2B18D}.Debug|Any CPU.Build.0 = Debug|Any CPU
		{F4D63BDF-9828-477A-974B-2B3C3EF2B18D}.Release|Any CPU.ActiveCfg = Release|Any CPU
		{F4D63BDF-9828-477A-974B-2B3C3EF2B18D}.Release|Any CPU.Build.0 = Release|Any CPU
		{A308D450-9F25-43D6-8626-E399E9A68B89}.Debug|Any CPU.ActiveCfg = Debug|Any CPU
		{A308D450-9F25-43D6-8626-E399E9A68B89}.Debug|Any CPU.Build.0 = Debug|Any CPU
		{A308D450-9F25-43D6-8626-E399E9A68B89}.Release|Any CPU.ActiveCfg = Release|Any CPU
		{A308D450-9F25-43D6-8626-E399E9A68B89}.Release|Any CPU.Build.0 = Release|Any CPU
		{DC3259A1-FB2A-4970-97DA-05DFDCF17913}.Debug|Any CPU.ActiveCfg = Debug|Any CPU
		{DC3259A1-FB2A-4970-97DA-05DFDCF17913}.Debug|Any CPU.Build.0 = Debug|Any CPU
		{DC3259A1-FB2A-4970-97DA-05DFDCF17913}.Release|Any CPU.ActiveCfg = Release|Any CPU
		{DC3259A1-FB2A-4970-97DA-05DFDCF17913}.Release|Any CPU.Build.0 = Release|Any CPU
		{03009932-3F35-4490-A6FA-E0F955902763}.Debug|Any CPU.ActiveCfg = Debug|Any CPU
		{03009932-3F35-4490-A6FA-E0F955902763}.Debug|Any CPU.Build.0 = Debug|Any CPU
		{03009932-3F35-4490-A6FA-E0F955902763}.Release|Any CPU.ActiveCfg = Release|Any CPU
		{03009932-3F35-4490-A6FA-E0F955902763}.Release|Any CPU.Build.0 = Release|Any CPU
		{C09A3014-BC72-46D3-8780-28F51BEE4DAA}.Debug|Any CPU.ActiveCfg = Debug|Any CPU
		{C09A3014-BC72-46D3-8780-28F51BEE4DAA}.Debug|Any CPU.Build.0 = Debug|Any CPU
		{C09A3014-BC72-46D3-8780-28F51BEE4DAA}.Release|Any CPU.ActiveCfg = Release|Any CPU
		{C09A3014-BC72-46D3-8780-28F51BEE4DAA}.Release|Any CPU.Build.0 = Release|Any CPU
		{495273E1-12F4-4DCB-8032-6D436FCC7EA2}.Debug|Any CPU.ActiveCfg = Debug|Any CPU
		{495273E1-12F4-4DCB-8032-6D436FCC7EA2}.Debug|Any CPU.Build.0 = Debug|Any CPU
		{495273E1-12F4-4DCB-8032-6D436FCC7EA2}.Release|Any CPU.ActiveCfg = Release|Any CPU
		{495273E1-12F4-4DCB-8032-6D436FCC7EA2}.Release|Any CPU.Build.0 = Release|Any CPU
		{D4A8D2DE-04EA-4B34-82EE-1CC7A4357427}.Debug|Any CPU.ActiveCfg = Debug|Any CPU
		{D4A8D2DE-04EA-4B34-82EE-1CC7A4357427}.Debug|Any CPU.Build.0 = Debug|Any CPU
		{D4A8D2DE-04EA-4B34-82EE-1CC7A4357427}.Release|Any CPU.ActiveCfg = Release|Any CPU
		{D4A8D2DE-04EA-4B34-82EE-1CC7A4357427}.Release|Any CPU.Build.0 = Release|Any CPU
		{87812613-8772-4753-9E0B-1E312BD2D23B}.Debug|Any CPU.ActiveCfg = Debug|Any CPU
		{87812613-8772-4753-9E0B-1E312BD2D23B}.Debug|Any CPU.Build.0 = Debug|Any CPU
		{87812613-8772-4753-9E0B-1E312BD2D23B}.Debug|Any CPU.Deploy.0 = Debug|Any CPU
		{87812613-8772-4753-9E0B-1E312BD2D23B}.Release|Any CPU.ActiveCfg = Release|Any CPU
		{87812613-8772-4753-9E0B-1E312BD2D23B}.Release|Any CPU.Build.0 = Release|Any CPU
		{87812613-8772-4753-9E0B-1E312BD2D23B}.Release|Any CPU.Deploy.0 = Release|Any CPU
	EndGlobalSection
	GlobalSection(SolutionProperties) = preSolution
		HideSolutionNode = FALSE
	EndGlobalSection
	GlobalSection(ExtensibilityGlobals) = postSolution
		SolutionGuid = {B3F91C76-BD71-4E30-902E-770CAA57AE2B}
	EndGlobalSection
EndGlobal
